
Microsoft Visual Studio Solution File, Format Version 11.00
# Visual Studio 2010
Project("{FAE04EC0-301F-11D3-BF4B-00C04F79EFBC}") = "Unity.2D.PixelPerfect.Tests", "Unity.2D.PixelPerfect.Tests.csproj", "{2773de9e-4cd1-f1f3-92e1-d4d2958653ac}"
EndProject
Project("{FAE04EC0-301F-11D3-BF4B-00C04F79EFBC}") = "Unity.Burst.Tests.UnitTests", "Unity.Burst.Tests.UnitTests.csproj", "{da31306f-03d0-17ac-586c-5d1c39e23601}"
EndProject
Project("{FAE04EC0-301F-11D3-BF4B-00C04F79EFBC}") = "UnityEngine.TestRunner", "UnityEngine.TestRunner.csproj", "{41d1ac6d-af83-f949-e2a6-8032f14bea5d}"
EndProject
Project("{FAE04EC0-301F-11D3-BF4B-00C04F79EFBC}") = "UnityEngine.UI", "UnityEngine.UI.csproj", "{f2639897-3153-3898-8967-9822f7d961eb}"
EndProject
Project("{FAE04EC0-301F-11D3-BF4B-00C04F79EFBC}") = "Unity.VisualScripting.Flow", "Unity.VisualScripting.Flow.csproj", "{74e1c988-7d70-9416-c80c-5ddd0cc791c4}"
EndProject
Project("{FAE04EC0-301F-11D3-BF4B-00C04F79EFBC}") = "Unity.Mathematics", "Unity.Mathematics.csproj", "{2c82e23a-cdd5-9859-3e2b-3f13f4cd6152}"
EndProject
Project("{FAE04EC0-301F-11D3-BF4B-00C04F79EFBC}") = "UnityEngine.UI.Tests", "UnityEngine.UI.Tests.csproj", "{1ac1400a-5f91-97ea-38ee-b523631469ff}"
EndProject
Project("{FAE04EC0-301F-11D3-BF4B-00C04F79EFBC}") = "Unity.VisualScripting.State", "Unity.VisualScripting.State.csproj", "{8e4b958c-e0e5-53b5-dc22-d846a145f593}"
EndProject
Project("{FAE04EC0-301F-11D3-BF4B-00C04F79EFBC}") = "Unity.VisualScripting.Core", "Unity.VisualScripting.Core.csproj", "{c0145d58-191d-af71-8453-510703ff2fa6}"
EndProject
Project("{FAE04EC0-301F-11D3-BF4B-00C04F79EFBC}") = "Unity.Burst", "Unity.Burst.csproj", "{394b6a1f-b4c7-39c7-1c97-b13017114fcd}"
EndProject
Project("{FAE04EC0-301F-11D3-BF4B-00C04F79EFBC}") = "Unity.2D.Animation.Runtime", "Unity.2D.Animation.Runtime.csproj", "{ec2be1db-d388-5e3b-bcd9-3c21cce80499}"
EndProject
Project("{FAE04EC0-301F-11D3-BF4B-00C04F79EFBC}") = "Unity.TextMeshPro", "Unity.TextMeshPro.csproj", "{8b8db594-c956-4016-9c29-b841dc97499f}"
EndProject
Project("{FAE04EC0-301F-11D3-BF4B-00C04F79EFBC}") = "Unity.Timeline", "Unity.Timeline.csproj", "{69392fb8-8e3c-be1b-cb26-2d10a63aa493}"
EndProject
Project("{FAE04EC0-301F-11D3-BF4B-00C04F79EFBC}") = "Unity.2D.SpriteShape.Runtime", "Unity.2D.SpriteShape.Runtime.csproj", "{78bf9811-0dbb-8125-3c30-ec9772641822}"
EndProject
Project("{FAE04EC0-301F-11D3-BF4B-00C04F79EFBC}") = "Unity.2D.PixelPerfect", "Unity.2D.PixelPerfect.csproj", "{5eeab603-df06-1f4c-c5ba-eb55bf2f15d3}"
EndProject
Project("{FAE04EC0-301F-11D3-BF4B-00C04F79EFBC}") = "Unity.2D.Common.Runtime", "Unity.2D.Common.Runtime.csproj", "{dbffa1a8-e6ce-5006-b85e-2c7b1570eda3}"
EndProject
Project("{FAE04EC0-301F-11D3-BF4B-00C04F79EFBC}") = "Unity.2D.IK.Runtime", "Unity.2D.IK.Runtime.csproj", "{cc32aca6-7701-2772-d45f-cb8832f2678a}"
EndProject
Project("{FAE04EC0-301F-11D3-BF4B-00C04F79EFBC}") = "Unity.2D.Tilemap.Extras", "Unity.2D.Tilemap.Extras.csproj", "{e4489f19-e74d-8d93-c997-4d77fbdc7953}"
EndProject
Project("{FAE04EC0-301F-11D3-BF4B-00C04F79EFBC}") = "Assembly-CSharp", "Assembly-CSharp.csproj", "{352eb37e-11d8-256d-f974-eb068cdf599c}"
EndProject
Project("{FAE04EC0-301F-11D3-BF4B-00C04F79EFBC}") = "Unity.TextMeshPro.Tests", "Unity.TextMeshPro.Tests.csproj", "{7dae4203-6108-39a7-37e5-eb05f8a62b4c}"
EndProject
Project("{FAE04EC0-301F-11D3-BF4B-00C04F79EFBC}") = "SeparateAssembly", "SeparateAssembly.csproj", "{2dd77309-1670-7682-adc0-ef6614a7717e}"
EndProject
Project("{FAE04EC0-301F-11D3-BF4B-00C04F79EFBC}") = "Unity.InternalAPIEngineBridge.001", "Unity.InternalAPIEngineBridge.001.csproj", "{9654ed31-dceb-918b-dc60-f8d0552839d4}"
EndProject
Project("{FAE04EC0-301F-11D3-BF4B-00C04F79EFBC}") = "Unity.PlasticSCM.Editor", "Unity.PlasticSCM.Editor.csproj", "{ac8e27b8-5290-11f5-3f79-e3418d14b63a}"
EndProject
Project("{FAE04EC0-301F-11D3-BF4B-00C04F79EFBC}") = "Unity.VisualScripting.Core.Editor", "Unity.VisualScripting.Core.Editor.csproj", "{66c25722-694b-1033-d304-ba6ff0abde57}"
EndProject
Project("{FAE04EC0-301F-11D3-BF4B-00C04F79EFBC}") = "Unity.VisualScripting.Flow.Editor", "Unity.VisualScripting.Flow.Editor.csproj", "{dc09362e-b246-df1c-4ac2-f6e23b2d2b76}"
EndProject
Project("{FAE04EC0-301F-11D3-BF4B-00C04F79EFBC}") = "Unity.VisualStudio.Editor", "Unity.VisualStudio.Editor.csproj", "{fb6a0c59-de37-6118-0e2d-cd9cf2aae377}"
EndProject
Project("{FAE04EC0-301F-11D3-BF4B-00C04F79EFBC}") = "Unity.Timeline.Editor", "Unity.Timeline.Editor.csproj", "{5cfb81b5-4efb-0721-eddf-d7567a049952}"
EndProject
Project("{FAE04EC0-301F-11D3-BF4B-00C04F79EFBC}") = "Unity.VisualScripting.State.Editor", "Unity.VisualScripting.State.Editor.csproj", "{c383c1f9-a1fc-c3d1-e9be-a068bec0c54f}"
EndProject
Project("{FAE04EC0-301F-11D3-BF4B-00C04F79EFBC}") = "Unity.TextMeshPro.Editor", "Unity.TextMeshPro.Editor.csproj", "{91dd0d37-9a32-6441-8270-b58051de4e39}"
EndProject
Project("{FAE04EC0-301F-11D3-BF4B-00C04F79EFBC}") = "Unity.2D.Animation.Editor", "Unity.2D.Animation.Editor.csproj", "{e730d71c-6262-6e08-2c8d-ae50e238f7d9}"
EndProject
Project("{FAE04EC0-301F-11D3-BF4B-00C04F79EFBC}") = "Unity.VisualScripting.SettingsProvider.Editor", "Unity.VisualScripting.SettingsProvider.Editor.csproj", "{1a2021c6-e898-4501-e452-d35a34a2b9fe}"
EndProject
Project("{FAE04EC0-301F-11D3-BF4B-00C04F79EFBC}") = "Unity.CollabProxy.Editor", "Unity.CollabProxy.Editor.csproj", "{5f7799c4-f9eb-3812-2016-ec7c4e5a6078}"
EndProject
Project("{FAE04EC0-301F-11D3-BF4B-00C04F79EFBC}") = "DocCodeExamples", "DocCodeExamples.csproj", "{6421ceca-6356-835e-9c4a-c494af524e19}"
EndProject
Project("{FAE04EC0-301F-11D3-BF4B-00C04F79EFBC}") = "UnityEditor.TestRunner", "UnityEditor.TestRunner.csproj", "{5bd8f609-c594-2be4-6ec4-6adcb361b52b}"
EndProject
Project("{FAE04EC0-301F-11D3-BF4B-00C04F79EFBC}") = "Unity.2D.Tilemap.Editor", "Unity.2D.Tilemap.Editor.csproj", "{08134e90-f1e1-564b-99d3-1c90bb8a35b4}"
EndProject
Project("{FAE04EC0-301F-11D3-BF4B-00C04F79EFBC}") = "Unity.Rider.Editor", "Unity.Rider.Editor.csproj", "{5f456c5e-9da2-b80a-4a2c-73bcbad54e3d}"
EndProject
Project("{FAE04EC0-301F-11D3-BF4B-00C04F79EFBC}") = "Unity.2D.Path.Editor", "Unity.2D.Path.Editor.csproj", "{32e00d86-21c0-3d65-ce0f-4fd167d9781a}"
EndProject
Project("{FAE04EC0-301F-11D3-BF4B-00C04F79EFBC}") = "Unity.Services.Core.Editor", "Unity.Services.Core.Editor.csproj", "{ee577dbf-4e16-f01b-0143-e900d9993e94}"
EndProject
Project("{FAE04EC0-301F-11D3-BF4B-00C04F79EFBC}") = "PsdPlugin", "PsdPlugin.csproj", "{25578c6e-41d1-54ec-8e3f-4df7ef489756}"
EndProject
Project("{FAE04EC0-301F-11D3-BF4B-00C04F79EFBC}") = "Unity.PlasticSCM.EditorTests", "Unity.PlasticSCM.EditorTests.csproj", "{49e9d438-b10b-ab9e-71de-d54b09b72e9f}"
EndProject
Project("{FAE04EC0-301F-11D3-BF4B-00C04F79EFBC}") = "Unity.Mathematics.Tests", "Unity.Mathematics.Tests.csproj", "{a8e1a095-fc0c-b828-f333-8717308b5765}"
EndProject
Project("{FAE04EC0-301F-11D3-BF4B-00C04F79EFBC}") = "Unity.2D.IK.Editor", "Unity.2D.IK.Editor.csproj", "{31105823-9f73-140f-c741-d23f0b80dbaa}"
EndProject
Project("{FAE04EC0-301F-11D3-BF4B-00C04F79EFBC}") = "Unity.2D.Psdimporter.Editor", "Unity.2D.Psdimporter.Editor.csproj", "{633cf0f0-15f4-fdf2-be03-2f51035f1ed2}"
EndProject
Project("{FAE04EC0-301F-11D3-BF4B-00C04F79EFBC}") = "Unity.2D.SpriteShape.Editor", "Unity.2D.SpriteShape.Editor.csproj", "{62fc71a3-1ab6-7776-900f-7f873dd67f8d}"
EndProject
Project("{FAE04EC0-301F-11D3-BF4B-00C04F79EFBC}") = "Unity.Burst.CodeGen", "Unity.Burst.CodeGen.csproj", "{f6dc21fd-4019-f21a-8fd8-7ba26b0773c7}"
EndProject
Project("{FAE04EC0-301F-11D3-BF4B-00C04F79EFBC}") = "Unity.CollabProxy.EditorTests", "Unity.CollabProxy.EditorTests.csproj", "{60aa4cc9-2b69-a8bc-0180-bca2ec7f99ab}"
EndProject
Project("{FAE04EC0-301F-11D3-BF4B-00C04F79EFBC}") = "Unity.2D.PixelPerfect.Editor", "Unity.2D.PixelPerfect.Editor.csproj", "{db777d8a-2fbb-90af-b593-cab57a5b48fd}"
EndProject
Project("{FAE04EC0-301F-11D3-BF4B-00C04F79EFBC}") = "Unity.VSCode.Editor", "Unity.VSCode.Editor.csproj", "{10d60f4e-1738-3eea-293b-3a11bda2fefe}"
EndProject
Project("{FAE04EC0-301F-11D3-BF4B-00C04F79EFBC}") = "UnityEditor.UI.EditorTests", "UnityEditor.UI.EditorTests.csproj", "{5794091b-a1ea-ab79-937e-d6c7263adcef}"
EndProject
Project("{FAE04EC0-301F-11D3-BF4B-00C04F79EFBC}") = "Unity.2D.Sprite.Editor", "Unity.2D.Sprite.Editor.csproj", "{41f5827e-1de8-6d7f-a052-48bec6fa87be}"
EndProject
Project("{FAE04EC0-301F-11D3-BF4B-00C04F79EFBC}") = "UnityEditor.UI", "UnityEditor.UI.csproj", "{9f32fc39-9a59-748a-f323-99747fd61b2c}"
EndProject
Project("{FAE04EC0-301F-11D3-BF4B-00C04F79EFBC}") = "Unity.2D.Common.Editor", "Unity.2D.Common.Editor.csproj", "{08606278-cd96-1d50-0722-e5aaca69ff33}"
EndProject
Project("{FAE04EC0-301F-11D3-BF4B-00C04F79EFBC}") = "Unity.2D.PixelPerfect.Editor.Tests", "Unity.2D.PixelPerfect.Editor.Tests.csproj", "{b1d91323-8766-1069-b644-cb2e07f14140}"
EndProject
Project("{FAE04EC0-301F-11D3-BF4B-00C04F79EFBC}") = "Unity.Mathematics.Editor", "Unity.Mathematics.Editor.csproj", "{be4afbf8-9f3b-b0f3-e4a2-f0eb69beebe4}"
EndProject
Project("{FAE04EC0-301F-11D3-BF4B-00C04F79EFBC}") = "Unity.2D.Tilemap.Extras.Editor", "Unity.2D.Tilemap.Extras.Editor.csproj", "{8fff8f8e-606e-be4f-91e5-3037b2d31037}"
EndProject
Project("{FAE04EC0-301F-11D3-BF4B-00C04F79EFBC}") = "Unity.Burst.Editor", "Unity.Burst.Editor.csproj", "{5bc04237-6cf2-9ac6-dafb-2b376730b71c}"
EndProject
Project("{FAE04EC0-301F-11D3-BF4B-00C04F79EFBC}") = "Unity.InternalAPIEditorBridge.001", "Unity.InternalAPIEditorBridge.001.csproj", "{b46c3d4e-d919-1f5a-ac63-21f107c614fe}"
EndProject
Project("{FAE04EC0-301F-11D3-BF4B-00C04F79EFBC}") = "Unity.VisualScripting.Shared.Editor", "Unity.VisualScripting.Shared.Editor.csproj", "{340ca78d-93ab-0c97-7dbe-46dff85fc068}"
EndProject
Project("{FAE04EC0-301F-11D3-BF4B-00C04F79EFBC}") = "Unity.2D.Sprite.Package.EditorTests", "Unity.2D.Sprite.Package.EditorTests.csproj", "{153c874e-5161-3631-9eb5-1865a62c78d2}"
EndProject
Project("{FAE04EC0-301F-11D3-BF4B-00C04F79EFBC}") = "Unity.Nuget.NewtonsoftJson.EditorTests", "Unity.Nuget.NewtonsoftJson.EditorTests.csproj", "{871dc1e3-e21b-bbe6-5bde-609a6fd2b610}"
EndProject
Project("{FAE04EC0-301F-11D3-BF4B-00C04F79EFBC}") = "Unity.2D.Animation.EditorTests", "Unity.2D.Animation.EditorTests.csproj", "{a1390eca-ff01-e900-bc89-975b79399c66}"
EndProject
Project("{FAE04EC0-301F-11D3-BF4B-00C04F79EFBC}") = "Unity.2D.SpriteShape.EditorTests", "Unity.2D.SpriteShape.EditorTests.csproj", "{82bc5b89-3ada-b334-9e97-9008b7ae831d}"
EndProject
Project("{FAE04EC0-301F-11D3-BF4B-00C04F79EFBC}") = "Unity.2D.Tilemap.Extras.Placeholder.EditorTests", "Unity.2D.Tilemap.Extras.Placeholder.EditorTests.csproj", "{9e31d6e9-d982-b352-2086-9f06af849c0c}"
EndProject
Project("{FAE04EC0-301F-11D3-BF4B-00C04F79EFBC}") = "Unity.2D.Common.EditorTests", "Unity.2D.Common.EditorTests.csproj", "{1e34474d-b733-c3b1-c4b3-094b2edfb452}"
EndProject
Project("{FAE04EC0-301F-11D3-BF4B-00C04F79EFBC}") = "Unity.2D.Path.Tests", "Unity.2D.Path.Tests.csproj", "{82188cc4-6630-b1c9-1327-69a35b14d09b}"
EndProject
Project("{FAE04EC0-301F-11D3-BF4B-00C04F79EFBC}") = "Unity.Burst.Editor.Tests", "Unity.Burst.Editor.Tests.csproj", "{3c2aaabc-39b6-fcfa-25ee-ba0a56666389}"
EndProject
Project("{FAE04EC0-301F-11D3-BF4B-00C04F79EFBC}") = "Unity.2D.Tilemap.Package.EditorTests", "Unity.2D.Tilemap.Package.EditorTests.csproj", "{4da4f8d7-0daa-d260-d52e-461092460905}"
EndProject
Project("{FAE04EC0-301F-11D3-BF4B-00C04F79EFBC}") = "Unity.2D.Psdimporter.EditorTests", "Unity.2D.Psdimporter.EditorTests.csproj", "{8a37b137-ada3-fc4c-587f-afc2af1e4bb0}"
EndProject
Project("{FAE04EC0-301F-11D3-BF4B-00C04F79EFBC}") = "Unity.TextMeshPro.Editor.Tests", "Unity.TextMeshPro.Editor.Tests.csproj", "{fc635309-09ec-226d-1a3a-9d01b973f2b8}"
EndProject
Global
	GlobalSection(SolutionConfigurationPlatforms) = preSolution
		Debug|Any CPU = Debug|Any CPU
	EndGlobalSection
	GlobalSection(ProjectConfigurationPlatforms) = postSolution
		{2773de9e-4cd1-f1f3-92e1-d4d2958653ac}.Debug|Any CPU.ActiveCfg = Debug|Any CPU
		{2773de9e-4cd1-f1f3-92e1-d4d2958653ac}.Debug|Any CPU.Build.0 = Debug|Any CPU
		{da31306f-03d0-17ac-586c-5d1c39e23601}.Debug|Any CPU.ActiveCfg = Debug|Any CPU
		{da31306f-03d0-17ac-586c-5d1c39e23601}.Debug|Any CPU.Build.0 = Debug|Any CPU
		{41d1ac6d-af83-f949-e2a6-8032f14bea5d}.Debug|Any CPU.ActiveCfg = Debug|Any CPU
		{41d1ac6d-af83-f949-e2a6-8032f14bea5d}.Debug|Any CPU.Build.0 = Debug|Any CPU
		{f2639897-3153-3898-8967-9822f7d961eb}.Debug|Any CPU.ActiveCfg = Debug|Any CPU
		{f2639897-3153-3898-8967-9822f7d961eb}.Debug|Any CPU.Build.0 = Debug|Any CPU
		{74e1c988-7d70-9416-c80c-5ddd0cc791c4}.Debug|Any CPU.ActiveCfg = Debug|Any CPU
		{74e1c988-7d70-9416-c80c-5ddd0cc791c4}.Debug|Any CPU.Build.0 = Debug|Any CPU
		{2c82e23a-cdd5-9859-3e2b-3f13f4cd6152}.Debug|Any CPU.ActiveCfg = Debug|Any CPU
		{2c82e23a-cdd5-9859-3e2b-3f13f4cd6152}.Debug|Any CPU.Build.0 = Debug|Any CPU
		{1ac1400a-5f91-97ea-38ee-b523631469ff}.Debug|Any CPU.ActiveCfg = Debug|Any CPU
		{1ac1400a-5f91-97ea-38ee-b523631469ff}.Debug|Any CPU.Build.0 = Debug|Any CPU
		{8e4b958c-e0e5-53b5-dc22-d846a145f593}.Debug|Any CPU.ActiveCfg = Debug|Any CPU
		{8e4b958c-e0e5-53b5-dc22-d846a145f593}.Debug|Any CPU.Build.0 = Debug|Any CPU
		{c0145d58-191d-af71-8453-510703ff2fa6}.Debug|Any CPU.ActiveCfg = Debug|Any CPU
		{c0145d58-191d-af71-8453-510703ff2fa6}.Debug|Any CPU.Build.0 = Debug|Any CPU
		{394b6a1f-b4c7-39c7-1c97-b13017114fcd}.Debug|Any CPU.ActiveCfg = Debug|Any CPU
		{394b6a1f-b4c7-39c7-1c97-b13017114fcd}.Debug|Any CPU.Build.0 = Debug|Any CPU
		{ec2be1db-d388-5e3b-bcd9-3c21cce80499}.Debug|Any CPU.ActiveCfg = Debug|Any CPU
		{ec2be1db-d388-5e3b-bcd9-3c21cce80499}.Debug|Any CPU.Build.0 = Debug|Any CPU
		{8b8db594-c956-4016-9c29-b841dc97499f}.Debug|Any CPU.ActiveCfg = Debug|Any CPU
		{8b8db594-c956-4016-9c29-b841dc97499f}.Debug|Any CPU.Build.0 = Debug|Any CPU
		{69392fb8-8e3c-be1b-cb26-2d10a63aa493}.Debug|Any CPU.ActiveCfg = Debug|Any CPU
		{69392fb8-8e3c-be1b-cb26-2d10a63aa493}.Debug|Any CPU.Build.0 = Debug|Any CPU
		{78bf9811-0dbb-8125-3c30-ec9772641822}.Debug|Any CPU.ActiveCfg = Debug|Any CPU
		{78bf9811-0dbb-8125-3c30-ec9772641822}.Debug|Any CPU.Build.0 = Debug|Any CPU
		{5eeab603-df06-1f4c-c5ba-eb55bf2f15d3}.Debug|Any CPU.ActiveCfg = Debug|Any CPU
		{5eeab603-df06-1f4c-c5ba-eb55bf2f15d3}.Debug|Any CPU.Build.0 = Debug|Any CPU
		{dbffa1a8-e6ce-5006-b85e-2c7b1570eda3}.Debug|Any CPU.ActiveCfg = Debug|Any CPU
		{dbffa1a8-e6ce-5006-b85e-2c7b1570eda3}.Debug|Any CPU.Build.0 = Debug|Any CPU
		{cc32aca6-7701-2772-d45f-cb8832f2678a}.Debug|Any CPU.ActiveCfg = Debug|Any CPU
		{cc32aca6-7701-2772-d45f-cb8832f2678a}.Debug|Any CPU.Build.0 = Debug|Any CPU
		{e4489f19-e74d-8d93-c997-4d77fbdc7953}.Debug|Any CPU.ActiveCfg = Debug|Any CPU
		{e4489f19-e74d-8d93-c997-4d77fbdc7953}.Debug|Any CPU.Build.0 = Debug|Any CPU
		{352eb37e-11d8-256d-f974-eb068cdf599c}.Debug|Any CPU.ActiveCfg = Debug|Any CPU
		{352eb37e-11d8-256d-f974-eb068cdf599c}.Debug|Any CPU.Build.0 = Debug|Any CPU
		{7dae4203-6108-39a7-37e5-eb05f8a62b4c}.Debug|Any CPU.ActiveCfg = Debug|Any CPU
		{7dae4203-6108-39a7-37e5-eb05f8a62b4c}.Debug|Any CPU.Build.0 = Debug|Any CPU
		{2dd77309-1670-7682-adc0-ef6614a7717e}.Debug|Any CPU.ActiveCfg = Debug|Any CPU
		{2dd77309-1670-7682-adc0-ef6614a7717e}.Debug|Any CPU.Build.0 = Debug|Any CPU
		{9654ed31-dceb-918b-dc60-f8d0552839d4}.Debug|Any CPU.ActiveCfg = Debug|Any CPU
		{9654ed31-dceb-918b-dc60-f8d0552839d4}.Debug|Any CPU.Build.0 = Debug|Any CPU
		{ac8e27b8-5290-11f5-3f79-e3418d14b63a}.Debug|Any CPU.ActiveCfg = Debug|Any CPU
		{ac8e27b8-5290-11f5-3f79-e3418d14b63a}.Debug|Any CPU.Build.0 = Debug|Any CPU
		{66c25722-694b-1033-d304-ba6ff0abde57}.Debug|Any CPU.ActiveCfg = Debug|Any CPU
		{66c25722-694b-1033-d304-ba6ff0abde57}.Debug|Any CPU.Build.0 = Debug|Any CPU
		{dc09362e-b246-df1c-4ac2-f6e23b2d2b76}.Debug|Any CPU.ActiveCfg = Debug|Any CPU
		{dc09362e-b246-df1c-4ac2-f6e23b2d2b76}.Debug|Any CPU.Build.0 = Debug|Any CPU
		{fb6a0c59-de37-6118-0e2d-cd9cf2aae377}.Debug|Any CPU.ActiveCfg = Debug|Any CPU
		{fb6a0c59-de37-6118-0e2d-cd9cf2aae377}.Debug|Any CPU.Build.0 = Debug|Any CPU
		{5cfb81b5-4efb-0721-eddf-d7567a049952}.Debug|Any CPU.ActiveCfg = Debug|Any CPU
		{5cfb81b5-4efb-0721-eddf-d7567a049952}.Debug|Any CPU.Build.0 = Debug|Any CPU
		{c383c1f9-a1fc-c3d1-e9be-a068bec0c54f}.Debug|Any CPU.ActiveCfg = Debug|Any CPU
		{c383c1f9-a1fc-c3d1-e9be-a068bec0c54f}.Debug|Any CPU.Build.0 = Debug|Any CPU
		{91dd0d37-9a32-6441-8270-b58051de4e39}.Debug|Any CPU.ActiveCfg = Debug|Any CPU
		{91dd0d37-9a32-6441-8270-b58051de4e39}.Debug|Any CPU.Build.0 = Debug|Any CPU
		{e730d71c-6262-6e08-2c8d-ae50e238f7d9}.Debug|Any CPU.ActiveCfg = Debug|Any CPU
		{e730d71c-6262-6e08-2c8d-ae50e238f7d9}.Debug|Any CPU.Build.0 = Debug|Any CPU
		{1a2021c6-e898-4501-e452-d35a34a2b9fe}.Debug|Any CPU.ActiveCfg = Debug|Any CPU
		{1a2021c6-e898-4501-e452-d35a34a2b9fe}.Debug|Any CPU.Build.0 = Debug|Any CPU
		{5f7799c4-f9eb-3812-2016-ec7c4e5a6078}.Debug|Any CPU.ActiveCfg = Debug|Any CPU
		{5f7799c4-f9eb-3812-2016-ec7c4e5a6078}.Debug|Any CPU.Build.0 = Debug|Any CPU
		{6421ceca-6356-835e-9c4a-c494af524e19}.Debug|Any CPU.ActiveCfg = Debug|Any CPU
		{6421ceca-6356-835e-9c4a-c494af524e19}.Debug|Any CPU.Build.0 = Debug|Any CPU
		{5bd8f609-c594-2be4-6ec4-6adcb361b52b}.Debug|Any CPU.ActiveCfg = Debug|Any CPU
		{5bd8f609-c594-2be4-6ec4-6adcb361b52b}.Debug|Any CPU.Build.0 = Debug|Any CPU
		{08134e90-f1e1-564b-99d3-1c90bb8a35b4}.Debug|Any CPU.ActiveCfg = Debug|Any CPU
		{08134e90-f1e1-564b-99d3-1c90bb8a35b4}.Debug|Any CPU.Build.0 = Debug|Any CPU
		{5f456c5e-9da2-b80a-4a2c-73bcbad54e3d}.Debug|Any CPU.ActiveCfg = Debug|Any CPU
		{5f456c5e-9da2-b80a-4a2c-73bcbad54e3d}.Debug|Any CPU.Build.0 = Debug|Any CPU
		{32e00d86-21c0-3d65-ce0f-4fd167d9781a}.Debug|Any CPU.ActiveCfg = Debug|Any CPU
		{32e00d86-21c0-3d65-ce0f-4fd167d9781a}.Debug|Any CPU.Build.0 = Debug|Any CPU
		{ee577dbf-4e16-f01b-0143-e900d9993e94}.Debug|Any CPU.ActiveCfg = Debug|Any CPU
		{ee577dbf-4e16-f01b-0143-e900d9993e94}.Debug|Any CPU.Build.0 = Debug|Any CPU
		{25578c6e-41d1-54ec-8e3f-4df7ef489756}.Debug|Any CPU.ActiveCfg = Debug|Any CPU
		{25578c6e-41d1-54ec-8e3f-4df7ef489756}.Debug|Any CPU.Build.0 = Debug|Any CPU
		{49e9d438-b10b-ab9e-71de-d54b09b72e9f}.Debug|Any CPU.ActiveCfg = Debug|Any CPU
		{49e9d438-b10b-ab9e-71de-d54b09b72e9f}.Debug|Any CPU.Build.0 = Debug|Any CPU
		{a8e1a095-fc0c-b828-f333-8717308b5765}.Debug|Any CPU.ActiveCfg = Debug|Any CPU
		{a8e1a095-fc0c-b828-f333-8717308b5765}.Debug|Any CPU.Build.0 = Debug|Any CPU
		{31105823-9f73-140f-c741-d23f0b80dbaa}.Debug|Any CPU.ActiveCfg = Debug|Any CPU
		{31105823-9f73-140f-c741-d23f0b80dbaa}.Debug|Any CPU.Build.0 = Debug|Any CPU
		{633cf0f0-15f4-fdf2-be03-2f51035f1ed2}.Debug|Any CPU.ActiveCfg = Debug|Any CPU
		{633cf0f0-15f4-fdf2-be03-2f51035f1ed2}.Debug|Any CPU.Build.0 = Debug|Any CPU
		{62fc71a3-1ab6-7776-900f-7f873dd67f8d}.Debug|Any CPU.ActiveCfg = Debug|Any CPU
		{62fc71a3-1ab6-7776-900f-7f873dd67f8d}.Debug|Any CPU.Build.0 = Debug|Any CPU
		{f6dc21fd-4019-f21a-8fd8-7ba26b0773c7}.Debug|Any CPU.ActiveCfg = Debug|Any CPU
		{f6dc21fd-4019-f21a-8fd8-7ba26b0773c7}.Debug|Any CPU.Build.0 = Debug|Any CPU
		{60aa4cc9-2b69-a8bc-0180-bca2ec7f99ab}.Debug|Any CPU.ActiveCfg = Debug|Any CPU
		{60aa4cc9-2b69-a8bc-0180-bca2ec7f99ab}.Debug|Any CPU.Build.0 = Debug|Any CPU
		{db777d8a-2fbb-90af-b593-cab57a5b48fd}.Debug|Any CPU.ActiveCfg = Debug|Any CPU
		{db777d8a-2fbb-90af-b593-cab57a5b48fd}.Debug|Any CPU.Build.0 = Debug|Any CPU
		{10d60f4e-1738-3eea-293b-3a11bda2fefe}.Debug|Any CPU.ActiveCfg = Debug|Any CPU
		{10d60f4e-1738-3eea-293b-3a11bda2fefe}.Debug|Any CPU.Build.0 = Debug|Any CPU
		{5794091b-a1ea-ab79-937e-d6c7263adcef}.Debug|Any CPU.ActiveCfg = Debug|Any CPU
		{5794091b-a1ea-ab79-937e-d6c7263adcef}.Debug|Any CPU.Build.0 = Debug|Any CPU
		{41f5827e-1de8-6d7f-a052-48bec6fa87be}.Debug|Any CPU.ActiveCfg = Debug|Any CPU
		{41f5827e-1de8-6d7f-a052-48bec6fa87be}.Debug|Any CPU.Build.0 = Debug|Any CPU
		{9f32fc39-9a59-748a-f323-99747fd61b2c}.Debug|Any CPU.ActiveCfg = Debug|Any CPU
		{9f32fc39-9a59-748a-f323-99747fd61b2c}.Debug|Any CPU.Build.0 = Debug|Any CPU
		{08606278-cd96-1d50-0722-e5aaca69ff33}.Debug|Any CPU.ActiveCfg = Debug|Any CPU
		{08606278-cd96-1d50-0722-e5aaca69ff33}.Debug|Any CPU.Build.0 = Debug|Any CPU
		{b1d91323-8766-1069-b644-cb2e07f14140}.Debug|Any CPU.ActiveCfg = Debug|Any CPU
		{b1d91323-8766-1069-b644-cb2e07f14140}.Debug|Any CPU.Build.0 = Debug|Any CPU
		{be4afbf8-9f3b-b0f3-e4a2-f0eb69beebe4}.Debug|Any CPU.ActiveCfg = Debug|Any CPU
		{be4afbf8-9f3b-b0f3-e4a2-f0eb69beebe4}.Debug|Any CPU.Build.0 = Debug|Any CPU
		{8fff8f8e-606e-be4f-91e5-3037b2d31037}.Debug|Any CPU.ActiveCfg = Debug|Any CPU
		{8fff8f8e-606e-be4f-91e5-3037b2d31037}.Debug|Any CPU.Build.0 = Debug|Any CPU
		{5bc04237-6cf2-9ac6-dafb-2b376730b71c}.Debug|Any CPU.ActiveCfg = Debug|Any CPU
		{5bc04237-6cf2-9ac6-dafb-2b376730b71c}.Debug|Any CPU.Build.0 = Debug|Any CPU
		{b46c3d4e-d919-1f5a-ac63-21f107c614fe}.Debug|Any CPU.ActiveCfg = Debug|Any CPU
		{b46c3d4e-d919-1f5a-ac63-21f107c614fe}.Debug|Any CPU.Build.0 = Debug|Any CPU
		{340ca78d-93ab-0c97-7dbe-46dff85fc068}.Debug|Any CPU.ActiveCfg = Debug|Any CPU
		{340ca78d-93ab-0c97-7dbe-46dff85fc068}.Debug|Any CPU.Build.0 = Debug|Any CPU
		{153c874e-5161-3631-9eb5-1865a62c78d2}.Debug|Any CPU.ActiveCfg = Debug|Any CPU
		{153c874e-5161-3631-9eb5-1865a62c78d2}.Debug|Any CPU.Build.0 = Debug|Any CPU
		{871dc1e3-e21b-bbe6-5bde-609a6fd2b610}.Debug|Any CPU.ActiveCfg = Debug|Any CPU
		{871dc1e3-e21b-bbe6-5bde-609a6fd2b610}.Debug|Any CPU.Build.0 = Debug|Any CPU
		{a1390eca-ff01-e900-bc89-975b79399c66}.Debug|Any CPU.ActiveCfg = Debug|Any CPU
		{a1390eca-ff01-e900-bc89-975b79399c66}.Debug|Any CPU.Build.0 = Debug|Any CPU
		{82bc5b89-3ada-b334-9e97-9008b7ae831d}.Debug|Any CPU.ActiveCfg = Debug|Any CPU
		{82bc5b89-3ada-b334-9e97-9008b7ae831d}.Debug|Any CPU.Build.0 = Debug|Any CPU
		{9e31d6e9-d982-b352-2086-9f06af849c0c}.Debug|Any CPU.ActiveCfg = Debug|Any CPU
		{9e31d6e9-d982-b352-2086-9f06af849c0c}.Debug|Any CPU.Build.0 = Debug|Any CPU
		{1e34474d-b733-c3b1-c4b3-094b2edfb452}.Debug|Any CPU.ActiveCfg = Debug|Any CPU
		{1e34474d-b733-c3b1-c4b3-094b2edfb452}.Debug|Any CPU.Build.0 = Debug|Any CPU
		{82188cc4-6630-b1c9-1327-69a35b14d09b}.Debug|Any CPU.ActiveCfg = Debug|Any CPU
		{82188cc4-6630-b1c9-1327-69a35b14d09b}.Debug|Any CPU.Build.0 = Debug|Any CPU
		{3c2aaabc-39b6-fcfa-25ee-ba0a56666389}.Debug|Any CPU.ActiveCfg = Debug|Any CPU
		{3c2aaabc-39b6-fcfa-25ee-ba0a56666389}.Debug|Any CPU.Build.0 = Debug|Any CPU
		{4da4f8d7-0daa-d260-d52e-461092460905}.Debug|Any CPU.ActiveCfg = Debug|Any CPU
		{4da4f8d7-0daa-d260-d52e-461092460905}.Debug|Any CPU.Build.0 = Debug|Any CPU
		{8a37b137-ada3-fc4c-587f-afc2af1e4bb0}.Debug|Any CPU.ActiveCfg = Debug|Any CPU
		{8a37b137-ada3-fc4c-587f-afc2af1e4bb0}.Debug|Any CPU.Build.0 = Debug|Any CPU
		{fc635309-09ec-226d-1a3a-9d01b973f2b8}.Debug|Any CPU.ActiveCfg = Debug|Any CPU
		{fc635309-09ec-226d-1a3a-9d01b973f2b8}.Debug|Any CPU.Build.0 = Debug|Any CPU
	EndGlobalSection
	GlobalSection(SolutionProperties) = preSolution
		HideSolutionNode = FALSE
	EndGlobalSection
EndGlobal
