
Microsoft Visual Studio Solution File, Format Version 11.00
# Visual Studio 2010
Project("{FAE04EC0-301F-11D3-BF4B-00C04F79EFBC}") = "Assembly-CSharp", "Assembly-CSharp.csproj", "{352eb37e-11d8-256d-f974-eb068cdf599c}"
EndProject
Project("{FAE04EC0-301F-11D3-BF4B-00C04F79EFBC}") = "LeanCommon", "LeanCommon.csproj", "{4298f405-6d47-92a6-3ff9-a62a9057bb40}"
EndProject
Project("{FAE04EC0-301F-11D3-BF4B-00C04F79EFBC}") = "LeanLocalization", "LeanLocalization.csproj", "{ad31279e-3aef-e583-22c8-217ad044d5a6}"
EndProject
Project("{FAE04EC0-301F-11D3-BF4B-00C04F79EFBC}") = "LeanLocalizationEditor", "LeanLocalizationEditor.csproj", "{b262f792-b7c6-378a-f70e-f052622d1f03}"
EndProject
Project("{FAE04EC0-301F-11D3-BF4B-00C04F79EFBC}") = "com.ben-w.erp", "com.ben-w.erp.csproj", "{d5c4b8d6-c695-0a51-37d1-b353fae9ba9d}"
EndProject
Global
	GlobalSection(SolutionConfigurationPlatforms) = preSolution
		Debug|Any CPU = Debug|Any CPU
	EndGlobalSection
	GlobalSection(ProjectConfigurationPlatforms) = postSolution
		{352eb37e-11d8-256d-f974-eb068cdf599c}.Debug|Any CPU.ActiveCfg = Debug|Any CPU
		{352eb37e-11d8-256d-f974-eb068cdf599c}.Debug|Any CPU.Build.0 = Debug|Any CPU
		{4298f405-6d47-92a6-3ff9-a62a9057bb40}.Debug|Any CPU.ActiveCfg = Debug|Any CPU
		{4298f405-6d47-92a6-3ff9-a62a9057bb40}.Debug|Any CPU.Build.0 = Debug|Any CPU
		{ad31279e-3aef-e583-22c8-217ad044d5a6}.Debug|Any CPU.ActiveCfg = Debug|Any CPU
		{ad31279e-3aef-e583-22c8-217ad044d5a6}.Debug|Any CPU.Build.0 = Debug|Any CPU
		{b262f792-b7c6-378a-f70e-f052622d1f03}.Debug|Any CPU.ActiveCfg = Debug|Any CPU
		{b262f792-b7c6-378a-f70e-f052622d1f03}.Debug|Any CPU.Build.0 = Debug|Any CPU
		{d5c4b8d6-c695-0a51-37d1-b353fae9ba9d}.Debug|Any CPU.ActiveCfg = Debug|Any CPU
		{d5c4b8d6-c695-0a51-37d1-b353fae9ba9d}.Debug|Any CPU.Build.0 = Debug|Any CPU
	EndGlobalSection
	GlobalSection(SolutionProperties) = preSolution
		HideSolutionNode = FALSE
	EndGlobalSection
EndGlobal
